
Microsoft Visual Studio Solution File, Format Version 12.00
# Visual Studio Version 16
VisualStudioVersion = 16.0.31515.178
MinimumVisualStudioVersion = 10.0.40219.1
Project("{8BC9CEB8-8B4A-11D0-8D11-00A0C91BC942}") = "NewDriver", "NewDriver.vcxproj", "{F36EAFB2-F16E-495D-B5EB-7F4309E992D3}"
EndProject
Project("{8BC9CEB8-8B4A-11D0-8D11-00A0C91BC942}") = "r3Consle", "..\r3Consle\r3Consle.vcxproj", "{5F2DE747-A84B-4C8D-B2D9-767F6DB2B2E3}"
EndProject
Project("{8BC9CEB8-8B4A-11D0-8D11-00A0C91BC942}") = "NewDriver2", "..\NewDriver2\NewDriver2.vcxproj", "{F5EAD64F-4C42-4D77-8BF0-CF4D5389FBD0}"
EndProject
Project("{8BC9CEB8-8B4A-11D0-8D11-00A0C91BC942}") = "CallBack", "..\CallBack\CallBack.vcxproj", "{01F50799-6D6F-4BD8-B450-C6BD43F160D8}"
EndProject
Global
	GlobalSection(SolutionConfigurationPlatforms) = preSolution
		Debug|ARM = Debug|ARM
		Debug|ARM64 = Debug|ARM64
		Debug|x64 = Debug|x64
		Debug|x86 = Debug|x86
		Release|ARM = Release|ARM
		Release|ARM64 = Release|ARM64
		Release|x64 = Release|x64
		Release|x86 = Release|x86
	EndGlobalSection
	GlobalSection(ProjectConfigurationPlatforms) = postSolution
		{F36EAFB2-F16E-495D-B5EB-7F4309E992D3}.Debug|ARM.ActiveCfg = Debug|ARM
		{F36EAFB2-F16E-495D-B5EB-7F4309E992D3}.Debug|ARM.Build.0 = Debug|ARM
		{F36EAFB2-F16E-495D-B5EB-7F4309E992D3}.Debug|ARM.Deploy.0 = Debug|ARM
		{F36EAFB2-F16E-495D-B5EB-7F4309E992D3}.Debug|ARM64.ActiveCfg = Debug|ARM64
		{F36EAFB2-F16E-495D-B5EB-7F4309E992D3}.Debug|ARM64.Build.0 = Debug|ARM64
		{F36EAFB2-F16E-495D-B5EB-7F4309E992D3}.Debug|ARM64.Deploy.0 = Debug|ARM64
		{F36EAFB2-F16E-495D-B5EB-7F4309E992D3}.Debug|x64.ActiveCfg = Debug|x64
		{F36EAFB2-F16E-495D-B5EB-7F4309E992D3}.Debug|x64.Build.0 = Debug|x64
		{F36EAFB2-F16E-495D-B5EB-7F4309E992D3}.Debug|x64.Deploy.0 = Debug|x64
		{F36EAFB2-F16E-495D-B5EB-7F4309E992D3}.Debug|x86.ActiveCfg = Debug|Win32
		{F36EAFB2-F16E-495D-B5EB-7F4309E992D3}.Debug|x86.Build.0 = Debug|Win32
		{F36EAFB2-F16E-495D-B5EB-7F4309E992D3}.Debug|x86.Deploy.0 = Debug|Win32
		{F36EAFB2-F16E-495D-B5EB-7F4309E992D3}.Release|ARM.ActiveCfg = Release|ARM
		{F36EAFB2-F16E-495D-B5EB-7F4309E992D3}.Release|ARM.Build.0 = Release|ARM
		{F36EAFB2-F16E-495D-B5EB-7F4309E992D3}.Release|ARM.Deploy.0 = Release|ARM
		{F36EAFB2-F16E-495D-B5EB-7F4309E992D3}.Release|ARM64.ActiveCfg = Release|ARM64
		{F36EAFB2-F16E-495D-B5EB-7F4309E992D3}.Release|ARM64.Build.0 = Release|ARM64
		{F36EAFB2-F16E-495D-B5EB-7F4309E992D3}.Release|ARM64.Deploy.0 = Release|ARM64
		{F36EAFB2-F16E-495D-B5EB-7F4309E992D3}.Release|x64.ActiveCfg = Release|x64
		{F36EAFB2-F16E-495D-B5EB-7F4309E992D3}.Release|x64.Build.0 = Release|x64
		{F36EAFB2-F16E-495D-B5EB-7F4309E992D3}.Release|x64.Deploy.0 = Release|x64
		{F36EAFB2-F16E-495D-B5EB-7F4309E992D3}.Release|x86.ActiveCfg = Release|Win32
		{F36EAFB2-F16E-495D-B5EB-7F4309E992D3}.Release|x86.Build.0 = Release|Win32
		{F36EAFB2-F16E-495D-B5EB-7F4309E992D3}.Release|x86.Deploy.0 = Release|Win32
		{5F2DE747-A84B-4C8D-B2D9-767F6DB2B2E3}.Debug|ARM.ActiveCfg = Debug|Win32
		{5F2DE747-A84B-4C8D-B2D9-767F6DB2B2E3}.Debug|ARM64.ActiveCfg = Debug|Win32
		{5F2DE747-A84B-4C8D-B2D9-767F6DB2B2E3}.Debug|x64.ActiveCfg = Debug|x64
		{5F2DE747-A84B-4C8D-B2D9-767F6DB2B2E3}.Debug|x64.Build.0 = Debug|x64
		{5F2DE747-A84B-4C8D-B2D9-767F6DB2B2E3}.Debug|x86.ActiveCfg = Debug|Win32
		{5F2DE747-A84B-4C8D-B2D9-767F6DB2B2E3}.Debug|x86.Build.0 = Debug|Win32
		{5F2DE747-A84B-4C8D-B2D9-767F6DB2B2E3}.Release|ARM.ActiveCfg = Release|Win32
		{5F2DE747-A84B-4C8D-B2D9-767F6DB2B2E3}.Release|ARM64.ActiveCfg = Release|Win32
		{5F2DE747-A84B-4C8D-B2D9-767F6DB2B2E3}.Release|x64.ActiveCfg = Release|x64
		{5F2DE747-A84B-4C8D-B2D9-767F6DB2B2E3}.Release|x64.Build.0 = Release|x64
		{5F2DE747-A84B-4C8D-B2D9-767F6DB2B2E3}.Release|x86.ActiveCfg = Release|Win32
		{5F2DE747-A84B-4C8D-B2D9-767F6DB2B2E3}.Release|x86.Build.0 = Release|Win32
		{F5EAD64F-4C42-4D77-8BF0-CF4D5389FBD0}.Debug|ARM.ActiveCfg = Debug|ARM
		{F5EAD64F-4C42-4D77-8BF0-CF4D5389FBD0}.Debug|ARM.Build.0 = Debug|ARM
		{F5EAD64F-4C42-4D77-8BF0-CF4D5389FBD0}.Debug|ARM.Deploy.0 = Debug|ARM
		{F5EAD64F-4C42-4D77-8BF0-CF4D5389FBD0}.Debug|ARM64.ActiveCfg = Debug|ARM64
		{F5EAD64F-4C42-4D77-8BF0-CF4D5389FBD0}.Debug|ARM64.Build.0 = Debug|ARM64
		{F5EAD64F-4C42-4D77-8BF0-CF4D5389FBD0}.Debug|ARM64.Deploy.0 = Debug|ARM64
		{F5EAD64F-4C42-4D77-8BF0-CF4D5389FBD0}.Debug|x64.ActiveCfg = Debug|x64
		{F5EAD64F-4C42-4D77-8BF0-CF4D5389FBD0}.Debug|x64.Build.0 = Debug|x64
		{F5EAD64F-4C42-4D77-8BF0-CF4D5389FBD0}.Debug|x64.Deploy.0 = Debug|x64
		{F5EAD64F-4C42-4D77-8BF0-CF4D5389FBD0}.Debug|x86.ActiveCfg = Debug|Win32
		{F5EAD64F-4C42-4D77-8BF0-CF4D5389FBD0}.Debug|x86.Build.0 = Debug|Win32
		{F5EAD64F-4C42-4D77-8BF0-CF4D5389FBD0}.Debug|x86.Deploy.0 = Debug|Win32
		{F5EAD64F-4C42-4D77-8BF0-CF4D5389FBD0}.Release|ARM.ActiveCfg = Release|ARM
		{F5EAD64F-4C42-4D77-8BF0-CF4D5389FBD0}.Release|ARM.Build.0 = Release|ARM
		{F5EAD64F-4C42-4D77-8BF0-CF4D5389FBD0}.Release|ARM.Deploy.0 = Release|ARM
		{F5EAD64F-4C42-4D77-8BF0-CF4D5389FBD0}.Release|ARM64.ActiveCfg = Release|ARM64
		{F5EAD64F-4C42-4D77-8BF0-CF4D5389FBD0}.Release|ARM64.Build.0 = Release|ARM64
		{F5EAD64F-4C42-4D77-8BF0-CF4D5389FBD0}.Release|ARM64.Deploy.0 = Release|ARM64
		{F5EAD64F-4C42-4D77-8BF0-CF4D5389FBD0}.Release|x64.ActiveCfg = Release|x64
		{F5EAD64F-4C42-4D77-8BF0-CF4D5389FBD0}.Release|x64.Build.0 = Release|x64
		{F5EAD64F-4C42-4D77-8BF0-CF4D5389FBD0}.Release|x64.Deploy.0 = Release|x64
		{F5EAD64F-4C42-4D77-8BF0-CF4D5389FBD0}.Release|x86.ActiveCfg = Release|Win32
		{F5EAD64F-4C42-4D77-8BF0-CF4D5389FBD0}.Release|x86.Build.0 = Release|Win32
		{F5EAD64F-4C42-4D77-8BF0-CF4D5389FBD0}.Release|x86.Deploy.0 = Release|Win32
		{01F50799-6D6F-4BD8-B450-C6BD43F160D8}.Debug|ARM.ActiveCfg = Debug|ARM
		{01F50799-6D6F-4BD8-B450-C6BD43F160D8}.Debug|ARM.Build.0 = Debug|ARM
		{01F50799-6D6F-4BD8-B450-C6BD43F160D8}.Debug|ARM.Deploy.0 = Debug|ARM
		{01F50799-6D6F-4BD8-B450-C6BD43F160D8}.Debug|ARM64.ActiveCfg = Debug|ARM64
		{01F50799-6D6F-4BD8-B450-C6BD43F160D8}.Debug|ARM64.Build.0 = Debug|ARM64
		{01F50799-6D6F-4BD8-B450-C6BD43F160D8}.Debug|ARM64.Deploy.0 = Debug|ARM64
		{01F50799-6D6F-4BD8-B450-C6BD43F160D8}.Debug|x64.ActiveCfg = Debug|x64
		{01F50799-6D6F-4BD8-B450-C6BD43F160D8}.Debug|x64.Build.0 = Debug|x64
		{01F50799-6D6F-4BD8-B450-C6BD43F160D8}.Debug|x64.Deploy.0 = Debug|x64
		{01F50799-6D6F-4BD8-B450-C6BD43F160D8}.Debug|x86.ActiveCfg = Debug|Win32
		{01F50799-6D6F-4BD8-B450-C6BD43F160D8}.Debug|x86.Build.0 = Debug|Win32
		{01F50799-6D6F-4BD8-B450-C6BD43F160D8}.Debug|x86.Deploy.0 = Debug|Win32
		{01F50799-6D6F-4BD8-B450-C6BD43F160D8}.Release|ARM.ActiveCfg = Release|ARM
		{01F50799-6D6F-4BD8-B450-C6BD43F160D8}.Release|ARM.Build.0 = Release|ARM
		{01F50799-6D6F-4BD8-B450-C6BD43F160D8}.Release|ARM.Deploy.0 = Release|ARM
		{01F50799-6D6F-4BD8-B450-C6BD43F160D8}.Release|ARM64.ActiveCfg = Release|ARM64
		{01F50799-6D6F-4BD8-B450-C6BD43F160D8}.Release|ARM64.Build.0 = Release|ARM64
		{01F50799-6D6F-4BD8-B450-C6BD43F160D8}.Release|ARM64.Deploy.0 = Release|ARM64
		{01F50799-6D6F-4BD8-B450-C6BD43F160D8}.Release|x64.ActiveCfg = Release|x64
		{01F50799-6D6F-4BD8-B450-C6BD43F160D8}.Release|x64.Build.0 = Release|x64
		{01F50799-6D6F-4BD8-B450-C6BD43F160D8}.Release|x64.Deploy.0 = Release|x64
		{01F50799-6D6F-4BD8-B450-C6BD43F160D8}.Release|x86.ActiveCfg = Release|Win32
		{01F50799-6D6F-4BD8-B450-C6BD43F160D8}.Release|x86.Build.0 = Release|Win32
		{01F50799-6D6F-4BD8-B450-C6BD43F160D8}.Release|x86.Deploy.0 = Release|Win32
	EndGlobalSection
	GlobalSection(SolutionProperties) = preSolution
		HideSolutionNode = FALSE
	EndGlobalSection
	GlobalSection(ExtensibilityGlobals) = postSolution
		SolutionGuid = {C9E6F8AB-1C2F-43C2-9102-1297FD2730F0}
	EndGlobalSection
EndGlobal
